
Microsoft Visual Studio Solution File, Format Version 12.00
# Visual Studio Version 16
VisualStudioVersion = 16.0.30611.23
MinimumVisualStudioVersion = 10.0.40219.1
Project("{FAE04EC0-301F-11D3-BF4B-00C04F79EFBC}") = "Studio 6", "Studio 6\Studio 6.csproj", "{437BA492-F56B-410D-8204-BAEC8DC5559F}"
EndProject
Global
	GlobalSection(SolutionConfigurationPlatforms) = preSolution
		Debug|Any CPU = Debug|Any CPU
		Release|Any CPU = Release|Any CPU
	EndGlobalSection
	GlobalSection(ProjectConfigurationPlatforms) = postSolution
		{437BA492-F56B-410D-8204-BAEC8DC5559F}.Debug|Any CPU.ActiveCfg = Debug|Any CPU
		{437BA492-F56B-410D-8204-BAEC8DC5559F}.Debug|Any CPU.Build.0 = Debug|Any CPU
		{437BA492-F56B-410D-8204-BAEC8DC5559F}.Release|Any CPU.ActiveCfg = Release|Any CPU
		{437BA492-F56B-410D-8204-BAEC8DC5559F}.Release|Any CPU.Build.0 = Release|Any CPU
	EndGlobalSection
	GlobalSection(SolutionProperties) = preSolution
		HideSolutionNode = FALSE
	EndGlobalSection
	GlobalSection(ExtensibilityGlobals) = postSolution
		SolutionGuid = {B2CE924F-D139-4A5F-862C-1CF757437054}
	EndGlobalSection
EndGlobal
